
Microsoft Visual Studio Solution File, Format Version 12.00
# Visual Studio Version 16
VisualStudioVersion = 16.0.30413.136
MinimumVisualStudioVersion = 10.0.40219.1
Project("{FAE04EC0-301F-11D3-BF4B-00C04F79EFBC}") = "RemoteDebugCore", "RemoteDebugCore\RemoteDebugCore.csproj", "{F693AF53-53B6-48E4-8156-14114CA400CD}"
EndProject
Global
	GlobalSection(SolutionConfigurationPlatforms) = preSolution
		Debug|Any CPU = Debug|Any CPU
		Release|Any CPU = Release|Any CPU
	EndGlobalSection
	GlobalSection(ProjectConfigurationPlatforms) = postSolution
		{F693AF53-53B6-48E4-8156-14114CA400CD}.Debug|Any CPU.ActiveCfg = Debug|Any CPU
		{F693AF53-53B6-48E4-8156-14114CA400CD}.Debug|Any CPU.Build.0 = Debug|Any CPU
		{F693AF53-53B6-48E4-8156-14114CA400CD}.Release|Any CPU.ActiveCfg = Release|Any CPU
		{F693AF53-53B6-48E4-8156-14114CA400CD}.Release|Any CPU.Build.0 = Release|Any CPU
	EndGlobalSection
	GlobalSection(SolutionProperties) = preSolution
		HideSolutionNode = FALSE
	EndGlobalSection
	GlobalSection(ExtensibilityGlobals) = postSolution
		SolutionGuid = {24BDE4B4-F106-4FD7-A65E-E4A16CAA89BB}
	EndGlobalSection
EndGlobal
